<?xml version="1.0" encoding="utf-8"?>
<Project ToolsVersion="4.0" xmlns="http://schemas.microsoft.com/developer/msbuild/2003">
  <ItemGroup>
    <ClCompile Include="..\..\src\app.cpp" />
    <ClCompile Include="..\..\src\ball.cpp" />
    <ClCompile Include="..\..\src\block.cpp" />
    <ClCompile Include="..\..\src\game.cpp" />
    <ClCompile Include="..\..\src\main.cpp" />
    <ClCompile Include="..\..\src\menu.cpp" />
    <ClCompile Include="..\..\src\mesh.cpp" />
    <ClCompile Include="..\..\src\object.cpp" />
    <ClCompile Include="..\..\src\paddle.cpp" />
  </ItemGroup>
  <ItemGroup>
    <ClInclude Include="..\..\src\app.h" />
    <ClInclude Include="..\..\src\ball.h" />
    <ClInclude Include="..\..\src\block.h" />
    <ClInclude Include="..\..\src\camera.h" />
    <ClInclude Include="..\..\src\game.h" />
    <ClInclude Include="..\..\src\gameData.h" />
    <ClInclude Include="..\..\src\key.h" />
    <ClInclude Include="..\..\src\light.h" />
    <ClInclude Include="..\..\src\menu.h" />
    <ClInclude Include="..\..\src\mesh.h" />
    <ClInclude Include="..\..\src\object.h" />
    <ClInclude Include="..\..\src\paddle.h" />
  </ItemGroup>
</Project>